
Microsoft Visual Studio Solution File, Format Version 12.00
# Visual Studio Version 16
VisualStudioVersion = 16.0.31424.327
MinimumVisualStudioVersion = 10.0.40219.1
Project("{9A19103F-16F7-4668-BE54-9A1E7A4F7556}") = "UnitTestsLibrary", "UnitTestsLibrary\UnitTestsLibrary.csproj", "{25FA7CD8-74B5-4386-A3DD-AB8DB4F8B862}"
EndProject
Project("{FAE04EC0-301F-11D3-BF4B-00C04F79EFBC}") = "ConsoleUI", "ConsoleUI\ConsoleUI.csproj", "{CED67E37-0412-44B1-82C3-D8D277EE9CA9}"
EndProject
Project("{FAE04EC0-301F-11D3-BF4B-00C04F79EFBC}") = "UnitjTestsLibrary.Tests", "UnitjTestsLibrary.Tests\UnitjTestsLibrary.Tests.csproj", "{541CAC6E-A505-4FB0-BAC1-F56A84C9B96D}"
EndProject
Global
	GlobalSection(SolutionConfigurationPlatforms) = preSolution
		Debug|Any CPU = Debug|Any CPU
		Release|Any CPU = Release|Any CPU
	EndGlobalSection
	GlobalSection(ProjectConfigurationPlatforms) = postSolution
		{25FA7CD8-74B5-4386-A3DD-AB8DB4F8B862}.Debug|Any CPU.ActiveCfg = Debug|Any CPU
		{25FA7CD8-74B5-4386-A3DD-AB8DB4F8B862}.Debug|Any CPU.Build.0 = Debug|Any CPU
		{25FA7CD8-74B5-4386-A3DD-AB8DB4F8B862}.Release|Any CPU.ActiveCfg = Release|Any CPU
		{25FA7CD8-74B5-4386-A3DD-AB8DB4F8B862}.Release|Any CPU.Build.0 = Release|Any CPU
		{CED67E37-0412-44B1-82C3-D8D277EE9CA9}.Debug|Any CPU.ActiveCfg = Debug|Any CPU
		{CED67E37-0412-44B1-82C3-D8D277EE9CA9}.Debug|Any CPU.Build.0 = Debug|Any CPU
		{CED67E37-0412-44B1-82C3-D8D277EE9CA9}.Release|Any CPU.ActiveCfg = Release|Any CPU
		{CED67E37-0412-44B1-82C3-D8D277EE9CA9}.Release|Any CPU.Build.0 = Release|Any CPU
		{541CAC6E-A505-4FB0-BAC1-F56A84C9B96D}.Debug|Any CPU.ActiveCfg = Debug|Any CPU
		{541CAC6E-A505-4FB0-BAC1-F56A84C9B96D}.Debug|Any CPU.Build.0 = Debug|Any CPU
		{541CAC6E-A505-4FB0-BAC1-F56A84C9B96D}.Release|Any CPU.ActiveCfg = Release|Any CPU
		{541CAC6E-A505-4FB0-BAC1-F56A84C9B96D}.Release|Any CPU.Build.0 = Release|Any CPU
	EndGlobalSection
	GlobalSection(SolutionProperties) = preSolution
		HideSolutionNode = FALSE
	EndGlobalSection
	GlobalSection(ExtensibilityGlobals) = postSolution
		SolutionGuid = {41BFCB52-F3E2-4C92-AA0D-68D261810734}
	EndGlobalSection
EndGlobal
